
Microsoft Visual Studio Solution File, Format Version 12.00
# Visual Studio Version 17
VisualStudioVersion = 17.5.33516.290
MinimumVisualStudioVersion = 10.0.40219.1
Project("{9A19103F-16F7-4668-BE54-9A1E7A4F7556}") = "DeliveryNotifier", "DeliveryNotifier.csproj", "{CBB921C3-90F0-4E14-9C25-1AC258BC79B8}"
EndProject
Project("{9A19103F-16F7-4668-BE54-9A1E7A4F7556}") = "DeliveryNotifier.Tests", "..\DeliveryNotifier.Tests\DeliveryNotifier.Tests.csproj", "{C81D05F3-AD74-46C6-9A87-44D5DFCE76B6}"
EndProject
Project("{2150E333-8FDC-42A3-9474-1A3956D46DE8}") = "Docs", "Docs", "{A6B10F8A-DAD9-4476-8B28-614CDF1F051B}"
	ProjectSection(SolutionItems) = preProject
		..\README.MD = ..\README.MD
	EndProjectSection
EndProject
Global
	GlobalSection(SolutionConfigurationPlatforms) = preSolution
		Debug|Any CPU = Debug|Any CPU
		Release|Any CPU = Release|Any CPU
	EndGlobalSection
	GlobalSection(ProjectConfigurationPlatforms) = postSolution
		{CBB921C3-90F0-4E14-9C25-1AC258BC79B8}.Debug|Any CPU.ActiveCfg = Debug|Any CPU
		{CBB921C3-90F0-4E14-9C25-1AC258BC79B8}.Debug|Any CPU.Build.0 = Debug|Any CPU
		{CBB921C3-90F0-4E14-9C25-1AC258BC79B8}.Release|Any CPU.ActiveCfg = Release|Any CPU
		{CBB921C3-90F0-4E14-9C25-1AC258BC79B8}.Release|Any CPU.Build.0 = Release|Any CPU
		{C81D05F3-AD74-46C6-9A87-44D5DFCE76B6}.Debug|Any CPU.ActiveCfg = Debug|Any CPU
		{C81D05F3-AD74-46C6-9A87-44D5DFCE76B6}.Debug|Any CPU.Build.0 = Debug|Any CPU
		{C81D05F3-AD74-46C6-9A87-44D5DFCE76B6}.Release|Any CPU.ActiveCfg = Release|Any CPU
		{C81D05F3-AD74-46C6-9A87-44D5DFCE76B6}.Release|Any CPU.Build.0 = Release|Any CPU
	EndGlobalSection
	GlobalSection(SolutionProperties) = preSolution
		HideSolutionNode = FALSE
	EndGlobalSection
	GlobalSection(ExtensibilityGlobals) = postSolution
		SolutionGuid = {4478B9C2-AFB8-4B87-A47E-A40C799785DE}
	EndGlobalSection
EndGlobal
